// !$*UTF8*$!
{
	archiveVersion = 1;
	classes = {
	};
	objectVersion = 77;
	objects = {

/* Begin PBXContainerItemProxy section */
		3784037F2EE4751400075F39 /* PBXContainerItemProxy */ = {
			isa = PBXContainerItemProxy;
			containerPortal = 378403692EE4750E00075F39 /* Project object */;
			proxyType = 1;
			remoteGlobalIDString = 378403702EE4750E00075F39;
			remoteInfo = MyMillionaire;
		};
		378403892EE4751400075F39 /* PBXContainerItemProxy */ = {
			isa = PBXContainerItemProxy;
			containerPortal = 378403692EE4750E00075F39 /* Project object */;
			proxyType = 1;
			remoteGlobalIDString = 378403702EE4750E00075F39;
			remoteInfo = MyMillionaire;
		};
/* End PBXContainerItemProxy section */

/* Begin PBXFileReference section */
		378403712EE4750E00075F39 /* MyMillionaire.app */ = {isa = PBXFileReference; explicitFileType = wrapper.application; includeInIndex = 0; path = MyMillionaire.app; sourceTree = BUILT_PRODUCTS_DIR; };
		3784037E2EE4751400075F39 /* MyMillionaireTests.xctest */ = {isa = PBXFileReference; explicitFileType = wrapper.cfbundle; includeInIndex = 0; path = MyMillionaireTests.xctest; sourceTree = BUILT_PRODUCTS_DIR; };
		378403882EE4751400075F39 /* MyMillionaireUITests.xctest */ = {isa = PBXFileReference; explicitFileType = wrapper.cfbundle; includeInIndex = 0; path = MyMillionaireUITests.xctest; sourceTree = BUILT_PRODUCTS_DIR; };
		37849AED2EE80E7300265EB7 /* MyMillionaire 2.xcodeproj */ = {isa = PBXFileReference; lastKnownFileType = "wrapper.pb-project"; path = "MyMillionaire 2.xcodeproj"; sourceTree = SOURCE_ROOT; };
/* End PBXFileReference section */

/* Begin PBXFileSystemSynchronizedRootGroup section */
		378403812EE4751400075F39 /* MyMillionaireTests */ = {
			isa = PBXFileSystemSynchronizedRootGroup;
			path = MyMillionaireTests;
			sourceTree = "<group>";
		};
		3784038B2EE4751400075F39 /* MyMillionaireUITests */ = {
			isa = PBXFileSystemSynchronizedRootGroup;
			path = MyMillionaireUITests;
			sourceTree = "<group>";
		};
		378403C92EE478B100075F39 /* MyMillionaire */ = {
			isa = PBXFileSystemSynchronizedRootGroup;
			path = MyMillionaire;
			sourceTree = "<group>";
		};
		378403EB2EE47C1E00075F39 /* Components */ = {
			isa = PBXFileSystemSynchronizedRootGroup;
			path = Components;
			sourceTree = "<group>";
		};
		378403EF2EE47C4D00075F39 /* Extensions */ = {
			isa = PBXFileSystemSynchronizedRootGroup;
			path = Extensions;
			sourceTree = "<group>";
		};
		37C213252EE6A0C100ED8ADB /* ViewModels */ = {
			isa = PBXFileSystemSynchronizedRootGroup;
			path = ViewModels;
			sourceTree = "<group>";
		};
		37C213282EE6A0DB00ED8ADB /* Models */ = {
			isa = PBXFileSystemSynchronizedRootGroup;
			path = Models;
			sourceTree = "<group>";
		};
		37C2132D2EE6A1BE00ED8ADB /* Resources */ = {
			isa = PBXFileSystemSynchronizedRootGroup;
			path = Resources;
			sourceTree = "<group>";
		};
		37C2134C2EE6B57300ED8ADB /* Views */ = {
			isa = PBXFileSystemSynchronizedRootGroup;
			path = Views;
			sourceTree = "<group>";
		};
/* End PBXFileSystemSynchronizedRootGroup section */

/* Begin PBXFrameworksBuildPhase section */
		3784036E2EE4750E00075F39 /* Frameworks */ = {
			isa = PBXFrameworksBuildPhase;
			buildActionMask = 2147483647;
			files = (
			);
			runOnlyForDeploymentPostprocessing = 0;
		};
		3784037B2EE4751400075F39 /* Frameworks */ = {
			isa = PBXFrameworksBuildPhase;
			buildActionMask = 2147483647;
			files = (
			);
			runOnlyForDeploymentPostprocessing = 0;
		};
		378403852EE4751400075F39 /* Frameworks */ = {
			isa = PBXFrameworksBuildPhase;
			buildActionMask = 2147483647;
			files = (
			);
			runOnlyForDeploymentPostprocessing = 0;
		};
/* End PBXFrameworksBuildPhase section */

/* Begin PBXGroup section */
		378403682EE4750E00075F39 = {
			isa = PBXGroup;
			children = (
				37C2134C2EE6B57300ED8ADB /* Views */,
				37C213252EE6A0C100ED8ADB /* ViewModels */,
				37C213282EE6A0DB00ED8ADB /* Models */,
				378403EF2EE47C4D00075F39 /* Extensions */,
				378403EB2EE47C1E00075F39 /* Components */,
				37C2132D2EE6A1BE00ED8ADB /* Resources */,
				378403C92EE478B100075F39 /* MyMillionaire */,
				378403812EE4751400075F39 /* MyMillionaireTests */,
				3784038B2EE4751400075F39 /* MyMillionaireUITests */,
				378403722EE4750E00075F39 /* Products */,
				37849AED2EE80E7300265EB7 /* MyMillionaire 2.xcodeproj */,
			);
			sourceTree = "<group>";
		};
		378403722EE4750E00075F39 /* Products */ = {
			isa = PBXGroup;
			children = (
				378403712EE4750E00075F39 /* MyMillionaire.app */,
				3784037E2EE4751400075F39 /* MyMillionaireTests.xctest */,
				378403882EE4751400075F39 /* MyMillionaireUITests.xctest */,
			);
			name = Products;
			sourceTree = "<group>";
		};
		37849B912EE80E8800265EB7 /* Products */ = {
			isa = PBXGroup;
			children = (
			);
			name = Products;
			sourceTree = "<group>";
		};
/* End PBXGroup section */

/* Begin PBXNativeTarget section */
		378403702EE4750E00075F39 /* MyMillionaire */ = {
			isa = PBXNativeTarget;
			buildConfigurationList = 378403922EE4751400075F39 /* Build configuration list for PBXNativeTarget "MyMillionaire" */;
			buildPhases = (
				3784036D2EE4750E00075F39 /* Sources */,
				3784036E2EE4750E00075F39 /* Frameworks */,
				3784036F2EE4750E00075F39 /* Resources */,
			);
			buildRules = (
			);
			dependencies = (
			);
			fileSystemSynchronizedGroups = (
				378403C92EE478B100075F39 /* MyMillionaire */,
				378403EB2EE47C1E00075F39 /* Components */,
				378403EF2EE47C4D00075F39 /* Extensions */,
				37C213252EE6A0C100ED8ADB /* ViewModels */,
				37C213282EE6A0DB00ED8ADB /* Models */,
				37C2132D2EE6A1BE00ED8ADB /* Resources */,
				37C2134C2EE6B57300ED8ADB /* Views */,
			);
			name = MyMillionaire;
			packageProductDependencies = (
			);
			productName = MyMillionaire;
			productReference = 378403712EE4750E00075F39 /* MyMillionaire.app */;
			productType = "com.apple.product-type.application";
		};
		3784037D2EE4751400075F39 /* MyMillionaireTests */ = {
			isa = PBXNativeTarget;
			buildConfigurationList = 378403952EE4751400075F39 /* Build configuration list for PBXNativeTarget "MyMillionaireTests" */;
			buildPhases = (
				3784037A2EE4751400075F39 /* Sources */,
				3784037B2EE4751400075F39 /* Frameworks */,
				3784037C2EE4751400075F39 /* Resources */,
			);
			buildRules = (
			);
			dependencies = (
				378403802EE4751400075F39 /* PBXTargetDependency */,
			);
			fileSystemSynchronizedGroups = (
				378403812EE4751400075F39 /* MyMillionaireTests */,
			);
			name = MyMillionaireTests;
			packageProductDependencies = (
			);
			productName = MyMillionaireTests;
			productReference = 3784037E2EE4751400075F39 /* MyMillionaireTests.xctest */;
			productType = "com.apple.product-type.bundle.unit-test";
		};
		378403872EE4751400075F39 /* MyMillionaireUITests */ = {
			isa = PBXNativeTarget;
			buildConfigurationList = 378403982EE4751400075F39 /* Build configuration list for PBXNativeTarget "MyMillionaireUITests" */;
			buildPhases = (
				378403842EE4751400075F39 /* Sources */,
				378403852EE4751400075F39 /* Frameworks */,
				378403862EE4751400075F39 /* Resources */,
			);
			buildRules = (
			);
			dependencies = (
				3784038A2EE4751400075F39 /* PBXTargetDependency */,
			);
			fileSystemSynchronizedGroups = (
				3784038B2EE4751400075F39 /* MyMillionaireUITests */,
			);
			name = MyMillionaireUITests;
			packageProductDependencies = (
			);
			productName = MyMillionaireUITests;
			productReference = 378403882EE4751400075F39 /* MyMillionaireUITests.xctest */;
			productType = "com.apple.product-type.bundle.ui-testing";
		};
/* End PBXNativeTarget section */

/* Begin PBXProject section */
		378403692EE4750E00075F39 /* Project object */ = {
			isa = PBXProject;
			attributes = {
				BuildIndependentTargetsInParallel = 1;
				LastSwiftUpdateCheck = 1640;
				LastUpgradeCheck = 1640;
				TargetAttributes = {
					378403702EE4750E00075F39 = {
						CreatedOnToolsVersion = 16.4;
					};
					3784037D2EE4751400075F39 = {
						CreatedOnToolsVersion = 16.4;
						TestTargetID = 378403702EE4750E00075F39;
					};
					378403872EE4751400075F39 = {
						CreatedOnToolsVersion = 16.4;
						TestTargetID = 378403702EE4750E00075F39;
					};
				};
			};
			buildConfigurationList = 3784036C2EE4750E00075F39 /* Build configuration list for PBXProject "MyMillionaire" */;
			developmentRegion = en;
			hasScannedForEncodings = 0;
			knownRegions = (
				en,
				Base,
			);
			mainGroup = 378403682EE4750E00075F39;
			minimizedProjectReferenceProxies = 1;
			preferredProjectObjectVersion = 77;
			productRefGroup = 378403722EE4750E00075F39 /* Products */;
			projectDirPath = "";
			projectReferences = (
				{
					ProductGroup = 37849B912EE80E8800265EB7 /* Products */;
					ProjectRef = 37849AED2EE80E7300265EB7 /* MyMillionaire 2.xcodeproj */;
				},
			);
			projectRoot = "";
			targets = (
				378403702EE4750E00075F39 /* MyMillionaire */,
				3784037D2EE4751400075F39 /* MyMillionaireTests */,
				378403872EE4751400075F39 /* MyMillionaireUITests */,
			);
		};
/* End PBXProject section */

/* Begin PBXResourcesBuildPhase section */
		3784036F2EE4750E00075F39 /* Resources */ = {
			isa = PBXResourcesBuildPhase;
			buildActionMask = 2147483647;
			files = (
			);
			runOnlyForDeploymentPostprocessing = 0;
		};
		3784037C2EE4751400075F39 /* Resources */ = {
			isa = PBXResourcesBuildPhase;
			buildActionMask = 2147483647;
			files = (
			);
			runOnlyForDeploymentPostprocessing = 0;
		};
		378403862EE4751400075F39 /* Resources */ = {
			isa = PBXResourcesBuildPhase;
			buildActionMask = 2147483647;
			files = (
			);
			runOnlyForDeploymentPostprocessing = 0;
		};
/* End PBXResourcesBuildPhase section */

/* Begin PBXSourcesBuildPhase section */
		3784036D2EE4750E00075F39 /* Sources */ = {
			isa = PBXSourcesBuildPhase;
			buildActionMask = 2147483647;
			files = (
			);
			runOnlyForDeploymentPostprocessing = 0;
		};
		3784037A2EE4751400075F39 /* Sources */ = {
			isa = PBXSourcesBuildPhase;
			buildActionMask = 2147483647;
			files = (
			);
			runOnlyForDeploymentPostprocessing = 0;
		};
		378403842EE4751400075F39 /* Sources */ = {
			isa = PBXSourcesBuildPhase;
			buildActionMask = 2147483647;
			files = (
			);
			runOnlyForDeploymentPostprocessing = 0;
		};
/* End PBXSourcesBuildPhase section */

/* Begin PBXTargetDependency section */
		378403802EE4751400075F39 /* PBXTargetDependency */ = {
			isa = PBXTargetDependency;
			target = 378403702EE4750E00075F39 /* MyMillionaire */;
			targetProxy = 3784037F2EE4751400075F39 /* PBXContainerItemProxy */;
		};
		3784038A2EE4751400075F39 /* PBXTargetDependency */ = {
			isa = PBXTargetDependency;
			target = 378403702EE4750E00075F39 /* MyMillionaire */;
			targetProxy = 378403892EE4751400075F39 /* PBXContainerItemProxy */;
		};
/* End PBXTargetDependency section */

/* Begin XCBuildConfiguration section */
		378403902EE4751400075F39 /* Debug */ = {
			isa = XCBuildConfiguration;
			buildSettings = {
				ALWAYS_SEARCH_USER_PATHS = NO;
				ASSETCATALOG_COMPILER_GENERATE_SWIFT_ASSET_SYMBOL_EXTENSIONS = YES;
				CLANG_ANALYZER_NONNULL = YES;
				CLANG_ANALYZER_NUMBER_OBJECT_CONVERSION = YES_AGGRESSIVE;
				CLANG_CXX_LANGUAGE_STANDARD = "gnu++20";
				CLANG_ENABLE_MODULES = YES;
				CLANG_ENABLE_OBJC_ARC = YES;
				CLANG_ENABLE_OBJC_WEAK = YES;
				CLANG_WARN_BLOCK_CAPTURE_AUTORELEASING = YES;
				CLANG_WARN_BOOL_CONVERSION = YES;
				CLANG_WARN_COMMA = YES;
				CLANG_WARN_CONSTANT_CONVERSION = YES;
				CLANG_WARN_DEPRECATED_OBJC_IMPLEMENTATIONS = YES;
				CLANG_WARN_DIRECT_OBJC_ISA_USAGE = YES_ERROR;
				CLANG_WARN_DOCUMENTATION_COMMENTS = YES;
				CLANG_WARN_EMPTY_BODY = YES;
				CLANG_WARN_ENUM_CONVERSION = YES;
				CLANG_WARN_INFINITE_RECURSION = YES;
				CLANG_WARN_INT_CONVERSION = YES;
				CLANG_WARN_NON_LITERAL_NULL_CONVERSION = YES;
				CLANG_WARN_OBJC_IMPLICIT_RETAIN_SELF = YES;
				CLANG_WARN_OBJC_LITERAL_CONVERSION = YES;
				CLANG_WARN_OBJC_ROOT_CLASS = YES_ERROR;
				CLANG_WARN_QUOTED_INCLUDE_IN_FRAMEWORK_HEADER = YES;
				CLANG_WARN_RANGE_LOOP_ANALYSIS = YES;
				CLANG_WARN_STRICT_PROTOTYPES = YES;
				CLANG_WARN_SUSPICIOUS_MOVE = YES;
				CLANG_WARN_UNGUARDED_AVAILABILITY = YES_AGGRESSIVE;
				CLANG_WARN_UNREACHABLE_CODE = YES;
				CLANG_WARN__DUPLICATE_METHOD_MATCH = YES;
				COPY_PHASE_STRIP = NO;
				DEBUG_INFORMATION_FORMAT = dwarf;
				ENABLE_STRICT_OBJC_MSGSEND = YES;
				ENABLE_TESTABILITY = YES;
				ENABLE_USER_SCRIPT_SANDBOXING = YES;
				GCC_C_LANGUAGE_STANDARD = gnu17;
				GCC_DYNAMIC_NO_PIC = NO;
				GCC_NO_COMMON_BLOCKS = YES;
				GCC_OPTIMIZATION_LEVEL = 0;
				GCC_PREPROCESSOR_DEFINITIONS = (
					"DEBUG=1",
					"$(inherited)",
				);
				GCC_WARN_64_TO_32_BIT_CONVERSION = YES;
				GCC_WARN_ABOUT_RETURN_TYPE = YES_ERROR;
				GCC_WARN_UNDECLARED_SELECTOR = YES;
				GCC_WARN_UNINITIALIZED_AUTOS = YES_AGGRESSIVE;
				GCC_WARN_UNUSED_FUNCTION = YES;
				GCC_WARN_UNUSED_VARIABLE = YES;
				IPHONEOS_DEPLOYMENT_TARGET = 18.5;
				LOCALIZATION_PREFERS_STRING_CATALOGS = YES;
				MTL_ENABLE_DEBUG_INFO = INCLUDE_SOURCE;
				MTL_FAST_MATH = YES;
				ONLY_ACTIVE_ARCH = YES;
				SDKROOT = iphoneos;
				SWIFT_ACTIVE_COMPILATION_CONDITIONS = "DEBUG $(inherited)";
				SWIFT_OPTIMIZATION_LEVEL = "-Onone";
			};
			name = Debug;
		};
		378403912EE4751400075F39 /* Release */ = {
			isa = XCBuildConfiguration;
			buildSettings = {
				ALWAYS_SEARCH_USER_PATHS = NO;
				ASSETCATALOG_COMPILER_GENERATE_SWIFT_ASSET_SYMBOL_EXTENSIONS = YES;
				CLANG_ANALYZER_NONNULL = YES;
				CLANG_ANALYZER_NUMBER_OBJECT_CONVERSION = YES_AGGRESSIVE;
				CLANG_CXX_LANGUAGE_STANDARD = "gnu++20";
				CLANG_ENABLE_MODULES = YES;
				CLANG_ENABLE_OBJC_ARC = YES;
				CLANG_ENABLE_OBJC_WEAK = YES;
				CLANG_WARN_BLOCK_CAPTURE_AUTORELEASING = YES;
				CLANG_WARN_BOOL_CONVERSION = YES;
				CLANG_WARN_COMMA = YES;
				CLANG_WARN_CONSTANT_CONVERSION = YES;
				CLANG_WARN_DEPRECATED_OBJC_IMPLEMENTATIONS = YES;
				CLANG_WARN_DIRECT_OBJC_ISA_USAGE = YES_ERROR;
				CLANG_WARN_DOCUMENTATION_COMMENTS = YES;
				CLANG_WARN_EMPTY_BODY = YES;
				CLANG_WARN_ENUM_CONVERSION = YES;
				CLANG_WARN_INFINITE_RECURSION = YES;
				CLANG_WARN_INT_CONVERSION = YES;
				CLANG_WARN_NON_LITERAL_NULL_CONVERSION = YES;
				CLANG_WARN_OBJC_IMPLICIT_RETAIN_SELF = YES;
				CLANG_WARN_OBJC_LITERAL_CONVERSION = YES;
				CLANG_WARN_OBJC_ROOT_CLASS = YES_ERROR;
				CLANG_WARN_QUOTED_INCLUDE_IN_FRAMEWORK_HEADER = YES;
				CLANG_WARN_RANGE_LOOP_ANALYSIS = YES;
				CLANG_WARN_STRICT_PROTOTYPES = YES;
				CLANG_WARN_SUSPICIOUS_MOVE = YES;
				CLANG_WARN_UNGUARDED_AVAILABILITY = YES_AGGRESSIVE;
				CLANG_WARN_UNREACHABLE_CODE = YES;
				CLANG_WARN__DUPLICATE_METHOD_MATCH = YES;
				COPY_PHASE_STRIP = NO;
				DEBUG_INFORMATION_FORMAT = "dwarf-with-dsym";
				ENABLE_NS_ASSERTIONS = NO;
				ENABLE_STRICT_OBJC_MSGSEND = YES;
				ENABLE_USER_SCRIPT_SANDBOXING = YES;
				GCC_C_LANGUAGE_STANDARD = gnu17;
				GCC_NO_COMMON_BLOCKS = YES;
				GCC_WARN_64_TO_32_BIT_CONVERSION = YES;
				GCC_WARN_ABOUT_RETURN_TYPE = YES_ERROR;
				GCC_WARN_UNDECLARED_SELECTOR = YES;
				GCC_WARN_UNINITIALIZED_AUTOS = YES_AGGRESSIVE;
				GCC_WARN_UNUSED_FUNCTION = YES;
				GCC_WARN_UNUSED_VARIABLE = YES;
				IPHONEOS_DEPLOYMENT_TARGET = 18.5;
				LOCALIZATION_PREFERS_STRING_CATALOGS = YES;
				MTL_ENABLE_DEBUG_INFO = NO;
				MTL_FAST_MATH = YES;
				SDKROOT = iphoneos;
				SWIFT_COMPILATION_MODE = wholemodule;
				VALIDATE_PRODUCT = YES;
			};
			name = Release;
		};
		378403932EE4751400075F39 /* Debug */ = {
			isa = XCBuildConfiguration;
			buildSettings = {
				ASSETCATALOG_COMPILER_APPICON_NAME = AppIcon;
				ASSETCATALOG_COMPILER_GLOBAL_ACCENT_COLOR_NAME = AccentColor;
				CODE_SIGN_STYLE = Automatic;
				CURRENT_PROJECT_VERSION = 1;
				ENABLE_PREVIEWS = YES;
				GENERATE_INFOPLIST_FILE = YES;
				INFOPLIST_KEY_UIApplicationSceneManifest_Generation = YES;
				INFOPLIST_KEY_UIApplicationSupportsIndirectInputEvents = YES;
				INFOPLIST_KEY_UILaunchScreen_Generation = YES;
				INFOPLIST_KEY_UISupportedInterfaceOrientations_iPad = "UIInterfaceOrientationPortrait UIInterfaceOrientationPortraitUpsideDown UIInterfaceOrientationLandscapeLeft UIInterfaceOrientationLandscapeRight";
				INFOPLIST_KEY_UISupportedInterfaceOrientations_iPhone = "UIInterfaceOrientationPortrait UIInterfaceOrientationLandscapeLeft UIInterfaceOrientationLandscapeRight";
				LD_RUNPATH_SEARCH_PATHS = (
					"$(inherited)",
					"@executable_path/Frameworks",
				);
				MARKETING_VERSION = 1.0;
				PRODUCT_BUNDLE_IDENTIFIER = sara.MyMillionaire;
				PRODUCT_NAME = "$(TARGET_NAME)";
				SWIFT_EMIT_LOC_STRINGS = YES;
				SWIFT_VERSION = 5.0;
				TARGETED_DEVICE_FAMILY = "1,2";
			};
			name = Debug;
		};
		378403942EE4751400075F39 /* Release */ = {
			isa = XCBuildConfiguration;
			buildSettings = {
				ASSETCATALOG_COMPILER_APPICON_NAME = AppIcon;
				ASSETCATALOG_COMPILER_GLOBAL_ACCENT_COLOR_NAME = AccentColor;
				CODE_SIGN_STYLE = Automatic;
				CURRENT_PROJECT_VERSION = 1;
				ENABLE_PREVIEWS = YES;
				GENERATE_INFOPLIST_FILE = YES;
				INFOPLIST_KEY_UIApplicationSceneManifest_Generation = YES;
				INFOPLIST_KEY_UIApplicationSupportsIndirectInputEvents = YES;
				INFOPLIST_KEY_UILaunchScreen_Generation = YES;
				INFOPLIST_KEY_UISupportedInterfaceOrientations_iPad = "UIInterfaceOrientationPortrait UIInterfaceOrientationPortraitUpsideDown UIInterfaceOrientationLandscapeLeft UIInterfaceOrientationLandscapeRight";
				INFOPLIST_KEY_UISupportedInterfaceOrientations_iPhone = "UIInterfaceOrientationPortrait UIInterfaceOrientationLandscapeLeft UIInterfaceOrientationLandscapeRight";
				LD_RUNPATH_SEARCH_PATHS = (
					"$(inherited)",
					"@executable_path/Frameworks",
				);
				MARKETING_VERSION = 1.0;
				PRODUCT_BUNDLE_IDENTIFIER = sara.MyMillionaire;
				PRODUCT_NAME = "$(TARGET_NAME)";
				SWIFT_EMIT_LOC_STRINGS = YES;
				SWIFT_VERSION = 5.0;
				TARGETED_DEVICE_FAMILY = "1,2";
			};
			name = Release;
		};
		378403962EE4751400075F39 /* Debug */ = {
			isa = XCBuildConfiguration;
			buildSettings = {
				BUNDLE_LOADER = "$(TEST_HOST)";
				CODE_SIGN_STYLE = Automatic;
				CURRENT_PROJECT_VERSION = 1;
				GENERATE_INFOPLIST_FILE = YES;
				IPHONEOS_DEPLOYMENT_TARGET = 18.5;
				MARKETING_VERSION = 1.0;
				PRODUCT_BUNDLE_IDENTIFIER = sara.MyMillionaireTests;
				PRODUCT_NAME = "$(TARGET_NAME)";
				SWIFT_EMIT_LOC_STRINGS = NO;
				SWIFT_VERSION = 5.0;
				TARGETED_DEVICE_FAMILY = "1,2";
				TEST_HOST = "$(BUILT_PRODUCTS_DIR)/MyMillionaire.app/$(BUNDLE_EXECUTABLE_FOLDER_PATH)/MyMillionaire";
			};
			name = Debug;
		};
		378403972EE4751400075F39 /* Release */ = {
			isa = XCBuildConfiguration;
			buildSettings = {
				BUNDLE_LOADER = "$(TEST_HOST)";
				CODE_SIGN_STYLE = Automatic;
				CURRENT_PROJECT_VERSION = 1;
				GENERATE_INFOPLIST_FILE = YES;
				IPHONEOS_DEPLOYMENT_TARGET = 18.5;
				MARKETING_VERSION = 1.0;
				PRODUCT_BUNDLE_IDENTIFIER = sara.MyMillionaireTests;
				PRODUCT_NAME = "$(TARGET_NAME)";
				SWIFT_EMIT_LOC_STRINGS = NO;
				SWIFT_VERSION = 5.0;
				TARGETED_DEVICE_FAMILY = "1,2";
				TEST_HOST = "$(BUILT_PRODUCTS_DIR)/MyMillionaire.app/$(BUNDLE_EXECUTABLE_FOLDER_PATH)/MyMillionaire";
			};
			name = Release;
		};
		378403992EE4751400075F39 /* Debug */ = {
			isa = XCBuildConfiguration;
			buildSettings = {
				CODE_SIGN_STYLE = Automatic;
				CURRENT_PROJECT_VERSION = 1;
				GENERATE_INFOPLIST_FILE = YES;
				MARKETING_VERSION = 1.0;
				PRODUCT_BUNDLE_IDENTIFIER = sara.MyMillionaireUITests;
				PRODUCT_NAME = "$(TARGET_NAME)";
				SWIFT_EMIT_LOC_STRINGS = NO;
				SWIFT_VERSION = 5.0;
				TARGETED_DEVICE_FAMILY = "1,2";
				TEST_TARGET_NAME = MyMillionaire;
			};
			name = Debug;
		};
		3784039A2EE4751400075F39 /* Release */ = {
			isa = XCBuildConfiguration;
			buildSettings = {
				CODE_SIGN_STYLE = Automatic;
				CURRENT_PROJECT_VERSION = 1;
				GENERATE_INFOPLIST_FILE = YES;
				MARKETING_VERSION = 1.0;
				PRODUCT_BUNDLE_IDENTIFIER = sara.MyMillionaireUITests;
				PRODUCT_NAME = "$(TARGET_NAME)";
				SWIFT_EMIT_LOC_STRINGS = NO;
				SWIFT_VERSION = 5.0;
				TARGETED_DEVICE_FAMILY = "1,2";
				TEST_TARGET_NAME = MyMillionaire;
			};
			name = Release;
		};
/* End XCBuildConfiguration section */

/* Begin XCConfigurationList section */
		3784036C2EE4750E00075F39 /* Build configuration list for PBXProject "MyMillionaire" */ = {
			isa = XCConfigurationList;
			buildConfigurations = (
				378403902EE4751400075F39 /* Debug */,
				378403912EE4751400075F39 /* Release */,
			);
			defaultConfigurationIsVisible = 0;
			defaultConfigurationName = Release;
		};
		378403922EE4751400075F39 /* Build configuration list for PBXNativeTarget "MyMillionaire" */ = {
			isa = XCConfigurationList;
			buildConfigurations = (
				378403932EE4751400075F39 /* Debug */,
				378403942EE4751400075F39 /* Release */,
			);
			defaultConfigurationIsVisible = 0;
			defaultConfigurationName = Release;
		};
		378403952EE4751400075F39 /* Build configuration list for PBXNativeTarget "MyMillionaireTests" */ = {
			isa = XCConfigurationList;
			buildConfigurations = (
				378403962EE4751400075F39 /* Debug */,
				378403972EE4751400075F39 /* Release */,
			);
			defaultConfigurationIsVisible = 0;
			defaultConfigurationName = Release;
		};
		378403982EE4751400075F39 /* Build configuration list for PBXNativeTarget "MyMillionaireUITests" */ = {
			isa = XCConfigurationList;
			buildConfigurations = (
				378403992EE4751400075F39 /* Debug */,
				3784039A2EE4751400075F39 /* Release */,
			);
			defaultConfigurationIsVisible = 0;
			defaultConfigurationName = Release;
		};
/* End XCConfigurationList section */
	};
	rootObject = 378403692EE4750E00075F39 /* Project object */;
}
